
Microsoft Visual Studio Solution File, Format Version 12.00
# Visual Studio Version 16
VisualStudioVersion = 16.0.30011.22
MinimumVisualStudioVersion = 10.0.40219.1
Project("{FAE04EC0-301F-11D3-BF4B-00C04F79EFBC}") = "JWTAuthenticateConsumer", "JWTAuthenticateConsumer.csproj", "{4CE781A9-B009-4DFE-8C2E-65BAAEC345D6}"
EndProject
Global
	GlobalSection(SolutionConfigurationPlatforms) = preSolution
		Debug|Any CPU = Debug|Any CPU
		Release|Any CPU = Release|Any CPU
	EndGlobalSection
	GlobalSection(ProjectConfigurationPlatforms) = postSolution
		{4CE781A9-B009-4DFE-8C2E-65BAAEC345D6}.Debug|Any CPU.ActiveCfg = Debug|Any CPU
		{4CE781A9-B009-4DFE-8C2E-65BAAEC345D6}.Debug|Any CPU.Build.0 = Debug|Any CPU
		{4CE781A9-B009-4DFE-8C2E-65BAAEC345D6}.Release|Any CPU.ActiveCfg = Release|Any CPU
		{4CE781A9-B009-4DFE-8C2E-65BAAEC345D6}.Release|Any CPU.Build.0 = Release|Any CPU
	EndGlobalSection
	GlobalSection(SolutionProperties) = preSolution
		HideSolutionNode = FALSE
	EndGlobalSection
	GlobalSection(ExtensibilityGlobals) = postSolution
		SolutionGuid = {1000B32A-6F32-4719-BC41-D8D874E86A81}
	EndGlobalSection
EndGlobal
